
Microsoft Visual Studio Solution File, Format Version 12.00
# Visual Studio Version 16
VisualStudioVersion = 16.0.30503.244
MinimumVisualStudioVersion = 15.0.26124.0
Project("{9A19103F-16F7-4668-BE54-9A1E7A4F7556}") = "WannaWhat.IdentityServer", "WannaWhat.IdentityServer\WannaWhat.IdentityServer.csproj", "{B62B147B-ACA9-47DA-B616-97790A5320FA}"
EndProject
Project("{9A19103F-16F7-4668-BE54-9A1E7A4F7556}") = "WannaWhat.App", "WannaWhat.App\WannaWhat.App.csproj", "{752A97AF-AF53-47CC-BAC1-4F71944800C2}"
EndProject
Project("{9A19103F-16F7-4668-BE54-9A1E7A4F7556}") = "WannaWhat.UserApi", "WannaWhat.UserApi\WannaWhat.UserApi.csproj", "{6F2749FB-A944-4FEC-9F70-EEE5F9A87EAC}"
EndProject
Project("{9A19103F-16F7-4668-BE54-9A1E7A4F7556}") = "WannaWhat.Core", "WannaWhat.Core\WannaWhat.Core.csproj", "{2FCD1FC3-A9AA-4C00-9522-05056402E63C}"
EndProject
Project("{9A19103F-16F7-4668-BE54-9A1E7A4F7556}") = "WannaWhat.Data", "WannaWhat.Data\WannaWhat.Data.csproj", "{EA33B4B4-F2CD-429A-889F-6530C2439A74}"
EndProject
Project("{9A19103F-16F7-4668-BE54-9A1E7A4F7556}") = "WannaWhat", "WannaWhat\WannaWhat.csproj", "{574AD8DE-82F9-44AA-B731-AC3157DAF272}"
EndProject
Global
	GlobalSection(SolutionConfigurationPlatforms) = preSolution
		Debug|Any CPU = Debug|Any CPU
		Debug|x64 = Debug|x64
		Debug|x86 = Debug|x86
		Release|Any CPU = Release|Any CPU
		Release|x64 = Release|x64
		Release|x86 = Release|x86
	EndGlobalSection
	GlobalSection(ProjectConfigurationPlatforms) = postSolution
		{B62B147B-ACA9-47DA-B616-97790A5320FA}.Debug|Any CPU.ActiveCfg = Debug|Any CPU
		{B62B147B-ACA9-47DA-B616-97790A5320FA}.Debug|Any CPU.Build.0 = Debug|Any CPU
		{B62B147B-ACA9-47DA-B616-97790A5320FA}.Debug|x64.ActiveCfg = Debug|Any CPU
		{B62B147B-ACA9-47DA-B616-97790A5320FA}.Debug|x64.Build.0 = Debug|Any CPU
		{B62B147B-ACA9-47DA-B616-97790A5320FA}.Debug|x86.ActiveCfg = Debug|Any CPU
		{B62B147B-ACA9-47DA-B616-97790A5320FA}.Debug|x86.Build.0 = Debug|Any CPU
		{B62B147B-ACA9-47DA-B616-97790A5320FA}.Release|Any CPU.ActiveCfg = Release|Any CPU
		{B62B147B-ACA9-47DA-B616-97790A5320FA}.Release|Any CPU.Build.0 = Release|Any CPU
		{B62B147B-ACA9-47DA-B616-97790A5320FA}.Release|x64.ActiveCfg = Release|Any CPU
		{B62B147B-ACA9-47DA-B616-97790A5320FA}.Release|x64.Build.0 = Release|Any CPU
		{B62B147B-ACA9-47DA-B616-97790A5320FA}.Release|x86.ActiveCfg = Release|Any CPU
		{B62B147B-ACA9-47DA-B616-97790A5320FA}.Release|x86.Build.0 = Release|Any CPU
		{752A97AF-AF53-47CC-BAC1-4F71944800C2}.Debug|Any CPU.ActiveCfg = Debug|Any CPU
		{752A97AF-AF53-47CC-BAC1-4F71944800C2}.Debug|Any CPU.Build.0 = Debug|Any CPU
		{752A97AF-AF53-47CC-BAC1-4F71944800C2}.Debug|x64.ActiveCfg = Debug|Any CPU
		{752A97AF-AF53-47CC-BAC1-4F71944800C2}.Debug|x64.Build.0 = Debug|Any CPU
		{752A97AF-AF53-47CC-BAC1-4F71944800C2}.Debug|x86.ActiveCfg = Debug|Any CPU
		{752A97AF-AF53-47CC-BAC1-4F71944800C2}.Debug|x86.Build.0 = Debug|Any CPU
		{752A97AF-AF53-47CC-BAC1-4F71944800C2}.Release|Any CPU.ActiveCfg = Release|Any CPU
		{752A97AF-AF53-47CC-BAC1-4F71944800C2}.Release|Any CPU.Build.0 = Release|Any CPU
		{752A97AF-AF53-47CC-BAC1-4F71944800C2}.Release|x64.ActiveCfg = Release|Any CPU
		{752A97AF-AF53-47CC-BAC1-4F71944800C2}.Release|x64.Build.0 = Release|Any CPU
		{752A97AF-AF53-47CC-BAC1-4F71944800C2}.Release|x86.ActiveCfg = Release|Any CPU
		{752A97AF-AF53-47CC-BAC1-4F71944800C2}.Release|x86.Build.0 = Release|Any CPU
		{6F2749FB-A944-4FEC-9F70-EEE5F9A87EAC}.Debug|Any CPU.ActiveCfg = Debug|Any CPU
		{6F2749FB-A944-4FEC-9F70-EEE5F9A87EAC}.Debug|Any CPU.Build.0 = Debug|Any CPU
		{6F2749FB-A944-4FEC-9F70-EEE5F9A87EAC}.Debug|x64.ActiveCfg = Debug|Any CPU
		{6F2749FB-A944-4FEC-9F70-EEE5F9A87EAC}.Debug|x64.Build.0 = Debug|Any CPU
		{6F2749FB-A944-4FEC-9F70-EEE5F9A87EAC}.Debug|x86.ActiveCfg = Debug|Any CPU
		{6F2749FB-A944-4FEC-9F70-EEE5F9A87EAC}.Debug|x86.Build.0 = Debug|Any CPU
		{6F2749FB-A944-4FEC-9F70-EEE5F9A87EAC}.Release|Any CPU.ActiveCfg = Release|Any CPU
		{6F2749FB-A944-4FEC-9F70-EEE5F9A87EAC}.Release|Any CPU.Build.0 = Release|Any CPU
		{6F2749FB-A944-4FEC-9F70-EEE5F9A87EAC}.Release|x64.ActiveCfg = Release|Any CPU
		{6F2749FB-A944-4FEC-9F70-EEE5F9A87EAC}.Release|x64.Build.0 = Release|Any CPU
		{6F2749FB-A944-4FEC-9F70-EEE5F9A87EAC}.Release|x86.ActiveCfg = Release|Any CPU
		{6F2749FB-A944-4FEC-9F70-EEE5F9A87EAC}.Release|x86.Build.0 = Release|Any CPU
		{2FCD1FC3-A9AA-4C00-9522-05056402E63C}.Debug|Any CPU.ActiveCfg = Debug|Any CPU
		{2FCD1FC3-A9AA-4C00-9522-05056402E63C}.Debug|Any CPU.Build.0 = Debug|Any CPU
		{2FCD1FC3-A9AA-4C00-9522-05056402E63C}.Debug|x64.ActiveCfg = Debug|Any CPU
		{2FCD1FC3-A9AA-4C00-9522-05056402E63C}.Debug|x64.Build.0 = Debug|Any CPU
		{2FCD1FC3-A9AA-4C00-9522-05056402E63C}.Debug|x86.ActiveCfg = Debug|Any CPU
		{2FCD1FC3-A9AA-4C00-9522-05056402E63C}.Debug|x86.Build.0 = Debug|Any CPU
		{2FCD1FC3-A9AA-4C00-9522-05056402E63C}.Release|Any CPU.ActiveCfg = Release|Any CPU
		{2FCD1FC3-A9AA-4C00-9522-05056402E63C}.Release|Any CPU.Build.0 = Release|Any CPU
		{2FCD1FC3-A9AA-4C00-9522-05056402E63C}.Release|x64.ActiveCfg = Release|Any CPU
		{2FCD1FC3-A9AA-4C00-9522-05056402E63C}.Release|x64.Build.0 = Release|Any CPU
		{2FCD1FC3-A9AA-4C00-9522-05056402E63C}.Release|x86.ActiveCfg = Release|Any CPU
		{2FCD1FC3-A9AA-4C00-9522-05056402E63C}.Release|x86.Build.0 = Release|Any CPU
		{EA33B4B4-F2CD-429A-889F-6530C2439A74}.Debug|Any CPU.ActiveCfg = Debug|Any CPU
		{EA33B4B4-F2CD-429A-889F-6530C2439A74}.Debug|Any CPU.Build.0 = Debug|Any CPU
		{EA33B4B4-F2CD-429A-889F-6530C2439A74}.Debug|x64.ActiveCfg = Debug|Any CPU
		{EA33B4B4-F2CD-429A-889F-6530C2439A74}.Debug|x64.Build.0 = Debug|Any CPU
		{EA33B4B4-F2CD-429A-889F-6530C2439A74}.Debug|x86.ActiveCfg = Debug|Any CPU
		{EA33B4B4-F2CD-429A-889F-6530C2439A74}.Debug|x86.Build.0 = Debug|Any CPU
		{EA33B4B4-F2CD-429A-889F-6530C2439A74}.Release|Any CPU.ActiveCfg = Release|Any CPU
		{EA33B4B4-F2CD-429A-889F-6530C2439A74}.Release|Any CPU.Build.0 = Release|Any CPU
		{EA33B4B4-F2CD-429A-889F-6530C2439A74}.Release|x64.ActiveCfg = Release|Any CPU
		{EA33B4B4-F2CD-429A-889F-6530C2439A74}.Release|x64.Build.0 = Release|Any CPU
		{EA33B4B4-F2CD-429A-889F-6530C2439A74}.Release|x86.ActiveCfg = Release|Any CPU
		{EA33B4B4-F2CD-429A-889F-6530C2439A74}.Release|x86.Build.0 = Release|Any CPU
		{574AD8DE-82F9-44AA-B731-AC3157DAF272}.Debug|Any CPU.ActiveCfg = Debug|Any CPU
		{574AD8DE-82F9-44AA-B731-AC3157DAF272}.Debug|Any CPU.Build.0 = Debug|Any CPU
		{574AD8DE-82F9-44AA-B731-AC3157DAF272}.Debug|x64.ActiveCfg = Debug|Any CPU
		{574AD8DE-82F9-44AA-B731-AC3157DAF272}.Debug|x64.Build.0 = Debug|Any CPU
		{574AD8DE-82F9-44AA-B731-AC3157DAF272}.Debug|x86.ActiveCfg = Debug|Any CPU
		{574AD8DE-82F9-44AA-B731-AC3157DAF272}.Debug|x86.Build.0 = Debug|Any CPU
		{574AD8DE-82F9-44AA-B731-AC3157DAF272}.Release|Any CPU.ActiveCfg = Release|Any CPU
		{574AD8DE-82F9-44AA-B731-AC3157DAF272}.Release|Any CPU.Build.0 = Release|Any CPU
		{574AD8DE-82F9-44AA-B731-AC3157DAF272}.Release|x64.ActiveCfg = Release|Any CPU
		{574AD8DE-82F9-44AA-B731-AC3157DAF272}.Release|x64.Build.0 = Release|Any CPU
		{574AD8DE-82F9-44AA-B731-AC3157DAF272}.Release|x86.ActiveCfg = Release|Any CPU
		{574AD8DE-82F9-44AA-B731-AC3157DAF272}.Release|x86.Build.0 = Release|Any CPU
	EndGlobalSection
	GlobalSection(SolutionProperties) = preSolution
		HideSolutionNode = FALSE
	EndGlobalSection
	GlobalSection(ExtensibilityGlobals) = postSolution
		SolutionGuid = {78AA7169-51BB-4EA5-BC9F-368FEFE273DD}
	EndGlobalSection
EndGlobal
